
Microsoft Visual Studio Solution File, Format Version 12.00
# Visual Studio Version 17
VisualStudioVersion = 17.7.34024.191
MinimumVisualStudioVersion = 10.0.40219.1
Project("{9A19103F-16F7-4668-BE54-9A1E7A4F7556}") = "Day1", "Day1\Day1.csproj", "{D291AFB3-36AC-4669-BC29-00E98F973629}"
EndProject
Project("{9A19103F-16F7-4668-BE54-9A1E7A4F7556}") = "Day2", "Day2\Day2.csproj", "{EF6E93C4-0F28-4360-A21C-02B7601D7B5E}"
EndProject
Project("{9A19103F-16F7-4668-BE54-9A1E7A4F7556}") = "Day3", "Day3\Day3.csproj", "{944CA68F-70AD-472C-9956-D80E1E880CF4}"
EndProject
Project("{9A19103F-16F7-4668-BE54-9A1E7A4F7556}") = "Day4", "Day4\Day4.csproj", "{58CCF26D-55E6-4CD5-93F5-3C2357F73F09}"
EndProject
Project("{9A19103F-16F7-4668-BE54-9A1E7A4F7556}") = "Day5", "Day5\Day5.csproj", "{4CD0F3C8-AFA0-4A7D-9116-56925EC557DC}"
EndProject
Project("{9A19103F-16F7-4668-BE54-9A1E7A4F7556}") = "Day6", "Day6\Day6.csproj", "{4B4098C4-CC4C-46CD-9E74-34EED2AA1519}"
EndProject
Project("{9A19103F-16F7-4668-BE54-9A1E7A4F7556}") = "Day7", "Day7\Day7.csproj", "{76B1FE88-891A-45F8-8A82-C0D93DE71573}"
EndProject
Project("{9A19103F-16F7-4668-BE54-9A1E7A4F7556}") = "Day8", "Day8\Day8.csproj", "{F75AA7E8-1439-419D-8B6A-49EAF8253D67}"
EndProject
Project("{9A19103F-16F7-4668-BE54-9A1E7A4F7556}") = "Day9", "Day9\Day9.csproj", "{0AAF1FDE-A27B-4B7B-8B60-DF7DAC8EC454}"
EndProject
Project("{9A19103F-16F7-4668-BE54-9A1E7A4F7556}") = "Day10", "Day10\Day10.csproj", "{1AF4E991-09A2-418A-AF67-1EB6797BEEBD}"
EndProject
Project("{9A19103F-16F7-4668-BE54-9A1E7A4F7556}") = "Day11", "Day11\Day11.csproj", "{7D0DEDC0-6733-4E2B-B33B-92157F37B456}"
EndProject
Project("{FAE04EC0-301F-11D3-BF4B-00C04F79EFBC}") = "Day12", "Day12\Day12.csproj", "{1216D765-E145-45FB-975B-1ADBA636A8E3}"
EndProject
Global
	GlobalSection(SolutionConfigurationPlatforms) = preSolution
		Debug|Any CPU = Debug|Any CPU
		Release|Any CPU = Release|Any CPU
	EndGlobalSection
	GlobalSection(ProjectConfigurationPlatforms) = postSolution
		{D291AFB3-36AC-4669-BC29-00E98F973629}.Debug|Any CPU.ActiveCfg = Debug|Any CPU
		{D291AFB3-36AC-4669-BC29-00E98F973629}.Debug|Any CPU.Build.0 = Debug|Any CPU
		{D291AFB3-36AC-4669-BC29-00E98F973629}.Release|Any CPU.ActiveCfg = Release|Any CPU
		{D291AFB3-36AC-4669-BC29-00E98F973629}.Release|Any CPU.Build.0 = Release|Any CPU
		{EF6E93C4-0F28-4360-A21C-02B7601D7B5E}.Debug|Any CPU.ActiveCfg = Debug|Any CPU
		{EF6E93C4-0F28-4360-A21C-02B7601D7B5E}.Debug|Any CPU.Build.0 = Debug|Any CPU
		{EF6E93C4-0F28-4360-A21C-02B7601D7B5E}.Release|Any CPU.ActiveCfg = Release|Any CPU
		{EF6E93C4-0F28-4360-A21C-02B7601D7B5E}.Release|Any CPU.Build.0 = Release|Any CPU
		{944CA68F-70AD-472C-9956-D80E1E880CF4}.Debug|Any CPU.ActiveCfg = Debug|Any CPU
		{944CA68F-70AD-472C-9956-D80E1E880CF4}.Debug|Any CPU.Build.0 = Debug|Any CPU
		{944CA68F-70AD-472C-9956-D80E1E880CF4}.Release|Any CPU.ActiveCfg = Release|Any CPU
		{944CA68F-70AD-472C-9956-D80E1E880CF4}.Release|Any CPU.Build.0 = Release|Any CPU
		{58CCF26D-55E6-4CD5-93F5-3C2357F73F09}.Debug|Any CPU.ActiveCfg = Debug|Any CPU
		{58CCF26D-55E6-4CD5-93F5-3C2357F73F09}.Debug|Any CPU.Build.0 = Debug|Any CPU
		{58CCF26D-55E6-4CD5-93F5-3C2357F73F09}.Release|Any CPU.ActiveCfg = Release|Any CPU
		{58CCF26D-55E6-4CD5-93F5-3C2357F73F09}.Release|Any CPU.Build.0 = Release|Any CPU
		{4CD0F3C8-AFA0-4A7D-9116-56925EC557DC}.Debug|Any CPU.ActiveCfg = Debug|Any CPU
		{4CD0F3C8-AFA0-4A7D-9116-56925EC557DC}.Debug|Any CPU.Build.0 = Debug|Any CPU
		{4CD0F3C8-AFA0-4A7D-9116-56925EC557DC}.Release|Any CPU.ActiveCfg = Release|Any CPU
		{4CD0F3C8-AFA0-4A7D-9116-56925EC557DC}.Release|Any CPU.Build.0 = Release|Any CPU
		{4B4098C4-CC4C-46CD-9E74-34EED2AA1519}.Debug|Any CPU.ActiveCfg = Debug|Any CPU
		{4B4098C4-CC4C-46CD-9E74-34EED2AA1519}.Debug|Any CPU.Build.0 = Debug|Any CPU
		{4B4098C4-CC4C-46CD-9E74-34EED2AA1519}.Release|Any CPU.ActiveCfg = Release|Any CPU
		{4B4098C4-CC4C-46CD-9E74-34EED2AA1519}.Release|Any CPU.Build.0 = Release|Any CPU
		{76B1FE88-891A-45F8-8A82-C0D93DE71573}.Debug|Any CPU.ActiveCfg = Debug|Any CPU
		{76B1FE88-891A-45F8-8A82-C0D93DE71573}.Debug|Any CPU.Build.0 = Debug|Any CPU
		{76B1FE88-891A-45F8-8A82-C0D93DE71573}.Release|Any CPU.ActiveCfg = Release|Any CPU
		{76B1FE88-891A-45F8-8A82-C0D93DE71573}.Release|Any CPU.Build.0 = Release|Any CPU
		{F75AA7E8-1439-419D-8B6A-49EAF8253D67}.Debug|Any CPU.ActiveCfg = Debug|Any CPU
		{F75AA7E8-1439-419D-8B6A-49EAF8253D67}.Debug|Any CPU.Build.0 = Debug|Any CPU
		{F75AA7E8-1439-419D-8B6A-49EAF8253D67}.Release|Any CPU.ActiveCfg = Release|Any CPU
		{F75AA7E8-1439-419D-8B6A-49EAF8253D67}.Release|Any CPU.Build.0 = Release|Any CPU
		{0AAF1FDE-A27B-4B7B-8B60-DF7DAC8EC454}.Debug|Any CPU.ActiveCfg = Debug|Any CPU
		{0AAF1FDE-A27B-4B7B-8B60-DF7DAC8EC454}.Debug|Any CPU.Build.0 = Debug|Any CPU
		{0AAF1FDE-A27B-4B7B-8B60-DF7DAC8EC454}.Release|Any CPU.ActiveCfg = Release|Any CPU
		{0AAF1FDE-A27B-4B7B-8B60-DF7DAC8EC454}.Release|Any CPU.Build.0 = Release|Any CPU
		{1AF4E991-09A2-418A-AF67-1EB6797BEEBD}.Debug|Any CPU.ActiveCfg = Debug|Any CPU
		{1AF4E991-09A2-418A-AF67-1EB6797BEEBD}.Debug|Any CPU.Build.0 = Debug|Any CPU
		{1AF4E991-09A2-418A-AF67-1EB6797BEEBD}.Release|Any CPU.ActiveCfg = Release|Any CPU
		{1AF4E991-09A2-418A-AF67-1EB6797BEEBD}.Release|Any CPU.Build.0 = Release|Any CPU
		{7D0DEDC0-6733-4E2B-B33B-92157F37B456}.Debug|Any CPU.ActiveCfg = Debug|Any CPU
		{7D0DEDC0-6733-4E2B-B33B-92157F37B456}.Debug|Any CPU.Build.0 = Debug|Any CPU
		{7D0DEDC0-6733-4E2B-B33B-92157F37B456}.Release|Any CPU.ActiveCfg = Release|Any CPU
		{7D0DEDC0-6733-4E2B-B33B-92157F37B456}.Release|Any CPU.Build.0 = Release|Any CPU
		{1216D765-E145-45FB-975B-1ADBA636A8E3}.Debug|Any CPU.ActiveCfg = Debug|Any CPU
		{1216D765-E145-45FB-975B-1ADBA636A8E3}.Debug|Any CPU.Build.0 = Debug|Any CPU
		{1216D765-E145-45FB-975B-1ADBA636A8E3}.Release|Any CPU.ActiveCfg = Release|Any CPU
		{1216D765-E145-45FB-975B-1ADBA636A8E3}.Release|Any CPU.Build.0 = Release|Any CPU
	EndGlobalSection
	GlobalSection(SolutionProperties) = preSolution
		HideSolutionNode = FALSE
	EndGlobalSection
	GlobalSection(ExtensibilityGlobals) = postSolution
		SolutionGuid = {B01620DF-A0E8-42CA-B913-D23EC05D3F27}
	EndGlobalSection
EndGlobal
